// !$*UTF8*$!
{
	archiveVersion = 1;
	classes = {
	};
	objectVersion = 46;
	objects = {

/* Begin PBXBuildFile section */
		4A343D7A1EDE905400910EB2 /* TestView2.m in Sources */ = {isa = PBXBuildFile; fileRef = 4A343D791EDE905400910EB2 /* TestView2.m */; };
		4A3E4FF11ECD88AC00396635 /* main.m in Sources */ = {isa = PBXBuildFile; fileRef = 4A3E4FF01ECD88AC00396635 /* main.m */; };
		4A3E4FF41ECD88AC00396635 /* AppDelegate.m in Sources */ = {isa = PBXBuildFile; fileRef = 4A3E4FF31ECD88AC00396635 /* AppDelegate.m */; };
		4A3E4FF71ECD88AC00396635 /* ViewController.m in Sources */ = {isa = PBXBuildFile; fileRef = 4A3E4FF61ECD88AC00396635 /* ViewController.m */; };
		4A3E4FFA1ECD88AC00396635 /* Main.storyboard in Resources */ = {isa = PBXBuildFile; fileRef = 4A3E4FF81ECD88AC00396635 /* Main.storyboard */; };
		4A3E4FFC1ECD88AC00396635 /* Assets.xcassets in Resources */ = {isa = PBXBuildFile; fileRef = 4A3E4FFB1ECD88AC00396635 /* Assets.xcassets */; };
		4A3E4FFF1ECD88AC00396635 /* LaunchScreen.storyboard in Resources */ = {isa = PBXBuildFile; fileRef = 4A3E4FFD1ECD88AC00396635 /* LaunchScreen.storyboard */; };
		4A3E500A1ECD88AC00396635 /* AnimationViewUITests.m in Sources */ = {isa = PBXBuildFile; fileRef = 4A3E50091ECD88AC00396635 /* AnimationViewUITests.m */; };
		4A48DE721EE0FD7E00D3C042 /* TestView1.m in Sources */ = {isa = PBXBuildFile; fileRef = 4A48DE711EE0FD7E00D3C042 /* TestView1.m */; };
/* End PBXBuildFile section */

/* Begin PBXContainerItemProxy section */
		4A3E50061ECD88AC00396635 /* PBXContainerItemProxy */ = {
			isa = PBXContainerItemProxy;
			containerPortal = 4A3E4FE41ECD88AC00396635 /* Project object */;
			proxyType = 1;
			remoteGlobalIDString = 4A3E4FEB1ECD88AC00396635;
			remoteInfo = AnimationView;
		};
/* End PBXContainerItemProxy section */

/* Begin PBXFileReference section */
		4A343D781EDE905400910EB2 /* TestView2.h */ = {isa = PBXFileReference; fileEncoding = 4; lastKnownFileType = sourcecode.c.h; path = TestView2.h; sourceTree = "<group>"; };
		4A343D791EDE905400910EB2 /* TestView2.m */ = {isa = PBXFileReference; fileEncoding = 4; lastKnownFileType = sourcecode.c.objc; path = TestView2.m; sourceTree = "<group>"; };
		4A3E4FEC1ECD88AC00396635 /* AnimationView.app */ = {isa = PBXFileReference; explicitFileType = wrapper.application; includeInIndex = 0; path = AnimationView.app; sourceTree = BUILT_PRODUCTS_DIR; };
		4A3E4FF01ECD88AC00396635 /* main.m */ = {isa = PBXFileReference; lastKnownFileType = sourcecode.c.objc; path = main.m; sourceTree = "<group>"; };
		4A3E4FF21ECD88AC00396635 /* AppDelegate.h */ = {isa = PBXFileReference; lastKnownFileType = sourcecode.c.h; path = AppDelegate.h; sourceTree = "<group>"; };
		4A3E4FF31ECD88AC00396635 /* AppDelegate.m */ = {isa = PBXFileReference; lastKnownFileType = sourcecode.c.objc; path = AppDelegate.m; sourceTree = "<group>"; };
		4A3E4FF51ECD88AC00396635 /* ViewController.h */ = {isa = PBXFileReference; lastKnownFileType = sourcecode.c.h; path = ViewController.h; sourceTree = "<group>"; };
		4A3E4FF61ECD88AC00396635 /* ViewController.m */ = {isa = PBXFileReference; lastKnownFileType = sourcecode.c.objc; path = ViewController.m; sourceTree = "<group>"; };
		4A3E4FF91ECD88AC00396635 /* Base */ = {isa = PBXFileReference; lastKnownFileType = file.storyboard; name = Base; path = Base.lproj/Main.storyboard; sourceTree = "<group>"; };
		4A3E4FFB1ECD88AC00396635 /* Assets.xcassets */ = {isa = PBXFileReference; lastKnownFileType = folder.assetcatalog; path = Assets.xcassets; sourceTree = "<group>"; };
		4A3E4FFE1ECD88AC00396635 /* Base */ = {isa = PBXFileReference; lastKnownFileType = file.storyboard; name = Base; path = Base.lproj/LaunchScreen.storyboard; sourceTree = "<group>"; };
		4A3E50001ECD88AC00396635 /* Info.plist */ = {isa = PBXFileReference; lastKnownFileType = text.plist.xml; path = Info.plist; sourceTree = "<group>"; };
		4A3E50051ECD88AC00396635 /* AnimationViewUITests.xctest */ = {isa = PBXFileReference; explicitFileType = wrapper.cfbundle; includeInIndex = 0; path = AnimationViewUITests.xctest; sourceTree = BUILT_PRODUCTS_DIR; };
		4A3E50091ECD88AC00396635 /* AnimationViewUITests.m */ = {isa = PBXFileReference; lastKnownFileType = sourcecode.c.objc; path = AnimationViewUITests.m; sourceTree = "<group>"; };
		4A3E500B1ECD88AC00396635 /* Info.plist */ = {isa = PBXFileReference; lastKnownFileType = text.plist.xml; path = Info.plist; sourceTree = "<group>"; };
		4A48DE701EE0FD7E00D3C042 /* TestView1.h */ = {isa = PBXFileReference; fileEncoding = 4; lastKnownFileType = sourcecode.c.h; path = TestView1.h; sourceTree = "<group>"; };
		4A48DE711EE0FD7E00D3C042 /* TestView1.m */ = {isa = PBXFileReference; fileEncoding = 4; lastKnownFileType = sourcecode.c.objc; path = TestView1.m; sourceTree = "<group>"; };
/* End PBXFileReference section */

/* Begin PBXFrameworksBuildPhase section */
		4A3E4FE91ECD88AC00396635 /* Frameworks */ = {
			isa = PBXFrameworksBuildPhase;
			buildActionMask = 2147483647;
			files = (
			);
			runOnlyForDeploymentPostprocessing = 0;
		};
		4A3E50021ECD88AC00396635 /* Frameworks */ = {
			isa = PBXFrameworksBuildPhase;
			buildActionMask = 2147483647;
			files = (
			);
			runOnlyForDeploymentPostprocessing = 0;
		};
/* End PBXFrameworksBuildPhase section */

/* Begin PBXGroup section */
		4A3E4FE31ECD88AC00396635 = {
			isa = PBXGroup;
			children = (
				4A3E4FEE1ECD88AC00396635 /* AnimationView */,
				4A3E50081ECD88AC00396635 /* AnimationViewUITests */,
				4A3E4FED1ECD88AC00396635 /* Products */,
			);
			sourceTree = "<group>";
		};
		4A3E4FED1ECD88AC00396635 /* Products */ = {
			isa = PBXGroup;
			children = (
				4A3E4FEC1ECD88AC00396635 /* AnimationView.app */,
				4A3E50051ECD88AC00396635 /* AnimationViewUITests.xctest */,
			);
			name = Products;
			sourceTree = "<group>";
		};
		4A3E4FEE1ECD88AC00396635 /* AnimationView */ = {
			isa = PBXGroup;
			children = (
				4A3E4FF21ECD88AC00396635 /* AppDelegate.h */,
				4A3E4FF31ECD88AC00396635 /* AppDelegate.m */,
				4A3E4FF51ECD88AC00396635 /* ViewController.h */,
				4A3E4FF61ECD88AC00396635 /* ViewController.m */,
				4A48DE701EE0FD7E00D3C042 /* TestView1.h */,
				4A48DE711EE0FD7E00D3C042 /* TestView1.m */,
				4A343D781EDE905400910EB2 /* TestView2.h */,
				4A343D791EDE905400910EB2 /* TestView2.m */,
				4A3E4FF81ECD88AC00396635 /* Main.storyboard */,
				4A3E4FFB1ECD88AC00396635 /* Assets.xcassets */,
				4A3E4FFD1ECD88AC00396635 /* LaunchScreen.storyboard */,
				4A3E50001ECD88AC00396635 /* Info.plist */,
				4A3E4FEF1ECD88AC00396635 /* Supporting Files */,
			);
			path = AnimationView;
			sourceTree = "<group>";
		};
		4A3E4FEF1ECD88AC00396635 /* Supporting Files */ = {
			isa = PBXGroup;
			children = (
				4A3E4FF01ECD88AC00396635 /* main.m */,
			);
			name = "Supporting Files";
			sourceTree = "<group>";
		};
		4A3E50081ECD88AC00396635 /* AnimationViewUITests */ = {
			isa = PBXGroup;
			children = (
				4A3E50091ECD88AC00396635 /* AnimationViewUITests.m */,
				4A3E500B1ECD88AC00396635 /* Info.plist */,
			);
			path = AnimationViewUITests;
			sourceTree = "<group>";
		};
/* End PBXGroup section */

/* Begin PBXNativeTarget section */
		4A3E4FEB1ECD88AC00396635 /* AnimationView */ = {
			isa = PBXNativeTarget;
			buildConfigurationList = 4A3E500E1ECD88AC00396635 /* Build configuration list for PBXNativeTarget "AnimationView" */;
			buildPhases = (
				4A3E4FE81ECD88AC00396635 /* Sources */,
				4A3E4FE91ECD88AC00396635 /* Frameworks */,
				4A3E4FEA1ECD88AC00396635 /* Resources */,
			);
			buildRules = (
			);
			dependencies = (
			);
			name = AnimationView;
			productName = AnimationView;
			productReference = 4A3E4FEC1ECD88AC00396635 /* AnimationView.app */;
			productType = "com.apple.product-type.application";
		};
		4A3E50041ECD88AC00396635 /* AnimationViewUITests */ = {
			isa = PBXNativeTarget;
			buildConfigurationList = 4A3E50111ECD88AC00396635 /* Build configuration list for PBXNativeTarget "AnimationViewUITests" */;
			buildPhases = (
				4A3E50011ECD88AC00396635 /* Sources */,
				4A3E50021ECD88AC00396635 /* Frameworks */,
				4A3E50031ECD88AC00396635 /* Resources */,
			);
			buildRules = (
			);
			dependencies = (
				4A3E50071ECD88AC00396635 /* PBXTargetDependency */,
			);
			name = AnimationViewUITests;
			productName = AnimationViewUITests;
			productReference = 4A3E50051ECD88AC00396635 /* AnimationViewUITests.xctest */;
			productType = "com.apple.product-type.bundle.ui-testing";
		};
/* End PBXNativeTarget section */

/* Begin PBXProject section */
		4A3E4FE41ECD88AC00396635 /* Project object */ = {
			isa = PBXProject;
			attributes = {
				LastUpgradeCheck = 0820;
				ORGANIZATIONNAME = cgsir;
				TargetAttributes = {
					4A3E4FEB1ECD88AC00396635 = {
						CreatedOnToolsVersion = 8.2.1;
						DevelopmentTeam = 5J32R9MXM2;
						ProvisioningStyle = Automatic;
					};
					4A3E50041ECD88AC00396635 = {
						CreatedOnToolsVersion = 8.2.1;
						DevelopmentTeam = 5J32R9MXM2;
						ProvisioningStyle = Automatic;
						TestTargetID = 4A3E4FEB1ECD88AC00396635;
					};
				};
			};
			buildConfigurationList = 4A3E4FE71ECD88AC00396635 /* Build configuration list for PBXProject "AnimationView" */;
			compatibilityVersion = "Xcode 3.2";
			developmentRegion = English;
			hasScannedForEncodings = 0;
			knownRegions = (
				en,
				Base,
			);
			mainGroup = 4A3E4FE31ECD88AC00396635;
			productRefGroup = 4A3E4FED1ECD88AC00396635 /* Products */;
			projectDirPath = "";
			projectRoot = "";
			targets = (
				4A3E4FEB1ECD88AC00396635 /* AnimationView */,
				4A3E50041ECD88AC00396635 /* AnimationViewUITests */,
			);
		};
/* End PBXProject section */

/* Begin PBXResourcesBuildPhase section */
		4A3E4FEA1ECD88AC00396635 /* Resources */ = {
			isa = PBXResourcesBuildPhase;
			buildActionMask = 2147483647;
			files = (
				4A3E4FFF1ECD88AC00396635 /* LaunchScreen.storyboard in Resources */,
				4A3E4FFC1ECD88AC00396635 /* Assets.xcassets in Resources */,
				4A3E4FFA1ECD88AC00396635 /* Main.storyboard in Resources */,
			);
			runOnlyForDeploymentPostprocessing = 0;
		};
		4A3E50031ECD88AC00396635 /* Resources */ = {
			isa = PBXResourcesBuildPhase;
			buildActionMask = 2147483647;
			files = (
			);
			runOnlyForDeploymentPostprocessing = 0;
		};
/* End PBXResourcesBuildPhase section */

/* Begin PBXSourcesBuildPhase section */
		4A3E4FE81ECD88AC00396635 /* Sources */ = {
			isa = PBXSourcesBuildPhase;
			buildActionMask = 2147483647;
			files = (
				4A3E4FF71ECD88AC00396635 /* ViewController.m in Sources */,
				4A3E4FF41ECD88AC00396635 /* AppDelegate.m in Sources */,
				4A3E4FF11ECD88AC00396635 /* main.m in Sources */,
				4A343D7A1EDE905400910EB2 /* TestView2.m in Sources */,
				4A48DE721EE0FD7E00D3C042 /* TestView1.m in Sources */,
			);
			runOnlyForDeploymentPostprocessing = 0;
		};
		4A3E50011ECD88AC00396635 /* Sources */ = {
			isa = PBXSourcesBuildPhase;
			buildActionMask = 2147483647;
			files = (
				4A3E500A1ECD88AC00396635 /* AnimationViewUITests.m in Sources */,
			);
			runOnlyForDeploymentPostprocessing = 0;
		};
/* End PBXSourcesBuildPhase section */

/* Begin PBXTargetDependency section */
		4A3E50071ECD88AC00396635 /* PBXTargetDependency */ = {
			isa = PBXTargetDependency;
			target = 4A3E4FEB1ECD88AC00396635 /* AnimationView */;
			targetProxy = 4A3E50061ECD88AC00396635 /* PBXContainerItemProxy */;
		};
/* End PBXTargetDependency section */

/* Begin PBXVariantGroup section */
		4A3E4FF81ECD88AC00396635 /* Main.storyboard */ = {
			isa = PBXVariantGroup;
			children = (
				4A3E4FF91ECD88AC00396635 /* Base */,
			);
			name = Main.storyboard;
			sourceTree = "<group>";
		};
		4A3E4FFD1ECD88AC00396635 /* LaunchScreen.storyboard */ = {
			isa = PBXVariantGroup;
			children = (
				4A3E4FFE1ECD88AC00396635 /* Base */,
			);
			name = LaunchScreen.storyboard;
			sourceTree = "<group>";
		};
/* End PBXVariantGroup section */

/* Begin XCBuildConfiguration section */
		4A3E500C1ECD88AC00396635 /* Debug */ = {
			isa = XCBuildConfiguration;
			buildSettings = {
				ALWAYS_SEARCH_USER_PATHS = NO;
				CLANG_ANALYZER_NONNULL = YES;
				CLANG_CXX_LANGUAGE_STANDARD = "gnu++0x";
				CLANG_CXX_LIBRARY = "libc++";
				CLANG_ENABLE_MODULES = YES;
				CLANG_ENABLE_OBJC_ARC = YES;
				CLANG_WARN_BOOL_CONVERSION = YES;
				CLANG_WARN_CONSTANT_CONVERSION = YES;
				CLANG_WARN_DIRECT_OBJC_ISA_USAGE = YES_ERROR;
				CLANG_WARN_DOCUMENTATION_COMMENTS = YES;
				CLANG_WARN_EMPTY_BODY = YES;
				CLANG_WARN_ENUM_CONVERSION = YES;
				CLANG_WARN_INFINITE_RECURSION = YES;
				CLANG_WARN_INT_CONVERSION = YES;
				CLANG_WARN_OBJC_ROOT_CLASS = YES_ERROR;
				CLANG_WARN_SUSPICIOUS_MOVE = YES;
				CLANG_WARN_UNREACHABLE_CODE = YES;
				CLANG_WARN__DUPLICATE_METHOD_MATCH = YES;
				"CODE_SIGN_IDENTITY[sdk=iphoneos*]" = "iPhone Developer";
				COPY_PHASE_STRIP = NO;
				DEBUG_INFORMATION_FORMAT = dwarf;
				ENABLE_STRICT_OBJC_MSGSEND = YES;
				ENABLE_TESTABILITY = YES;
				GCC_C_LANGUAGE_STANDARD = gnu99;
				GCC_DYNAMIC_NO_PIC = NO;
				GCC_NO_COMMON_BLOCKS = YES;
				GCC_OPTIMIZATION_LEVEL = 0;
				GCC_PREPROCESSOR_DEFINITIONS = (
					"DEBUG=1",
					"$(inherited)",
				);
				GCC_WARN_64_TO_32_BIT_CONVERSION = YES;
				GCC_WARN_ABOUT_RETURN_TYPE = YES_ERROR;
				GCC_WARN_UNDECLARED_SELECTOR = YES;
				GCC_WARN_UNINITIALIZED_AUTOS = YES_AGGRESSIVE;
				GCC_WARN_UNUSED_FUNCTION = YES;
				GCC_WARN_UNUSED_VARIABLE = YES;
				IPHONEOS_DEPLOYMENT_TARGET = 10.2;
				MTL_ENABLE_DEBUG_INFO = YES;
				ONLY_ACTIVE_ARCH = YES;
				SDKROOT = iphoneos;
			};
			name = Debug;
		};
		4A3E500D1ECD88AC00396635 /* Release */ = {
			isa = XCBuildConfiguration;
			buildSettings = {
				ALWAYS_SEARCH_USER_PATHS = NO;
				CLANG_ANALYZER_NONNULL = YES;
				CLANG_CXX_LANGUAGE_STANDARD = "gnu++0x";
				CLANG_CXX_LIBRARY = "libc++";
				CLANG_ENABLE_MODULES = YES;
				CLANG_ENABLE_OBJC_ARC = YES;
				CLANG_WARN_BOOL_CONVERSION = YES;
				CLANG_WARN_CONSTANT_CONVERSION = YES;
				CLANG_WARN_DIRECT_OBJC_ISA_USAGE = YES_ERROR;
				CLANG_WARN_DOCUMENTATION_COMMENTS = YES;
				CLANG_WARN_EMPTY_BODY = YES;
				CLANG_WARN_ENUM_CONVERSION = YES;
				CLANG_WARN_INFINITE_RECURSION = YES;
				CLANG_WARN_INT_CONVERSION = YES;
				CLANG_WARN_OBJC_ROOT_CLASS = YES_ERROR;
				CLANG_WARN_SUSPICIOUS_MOVE = YES;
				CLANG_WARN_UNREACHABLE_CODE = YES;
				CLANG_WARN__DUPLICATE_METHOD_MATCH = YES;
				"CODE_SIGN_IDENTITY[sdk=iphoneos*]" = "iPhone Developer";
				COPY_PHASE_STRIP = NO;
				DEBUG_INFORMATION_FORMAT = "dwarf-with-dsym";
				ENABLE_NS_ASSERTIONS = NO;
				ENABLE_STRICT_OBJC_MSGSEND = YES;
				GCC_C_LANGUAGE_STANDARD = gnu99;
				GCC_NO_COMMON_BLOCKS = YES;
				GCC_WARN_64_TO_32_BIT_CONVERSION = YES;
				GCC_WARN_ABOUT_RETURN_TYPE = YES_ERROR;
				GCC_WARN_UNDECLARED_SELECTOR = YES;
				GCC_WARN_UNINITIALIZED_AUTOS = YES_AGGRESSIVE;
				GCC_WARN_UNUSED_FUNCTION = YES;
				GCC_WARN_UNUSED_VARIABLE = YES;
				IPHONEOS_DEPLOYMENT_TARGET = 10.2;
				MTL_ENABLE_DEBUG_INFO = NO;
				SDKROOT = iphoneos;
				VALIDATE_PRODUCT = YES;
			};
			name = Release;
		};
		4A3E500F1ECD88AC00396635 /* Debug */ = {
			isa = XCBuildConfiguration;
			buildSettings = {
				ASSETCATALOG_COMPILER_APPICON_NAME = AppIcon;
				DEVELOPMENT_TEAM = 5J32R9MXM2;
				INFOPLIST_FILE = AnimationView/Info.plist;
				LD_RUNPATH_SEARCH_PATHS = "$(inherited) @executable_path/Frameworks";
				PRODUCT_BUNDLE_IDENTIFIER = com.cgsir.AnimationView;
				PRODUCT_NAME = "$(TARGET_NAME)";
			};
			name = Debug;
		};
		4A3E50101ECD88AC00396635 /* Release */ = {
			isa = XCBuildConfiguration;
			buildSettings = {
				ASSETCATALOG_COMPILER_APPICON_NAME = AppIcon;
				DEVELOPMENT_TEAM = 5J32R9MXM2;
				INFOPLIST_FILE = AnimationView/Info.plist;
				LD_RUNPATH_SEARCH_PATHS = "$(inherited) @executable_path/Frameworks";
				PRODUCT_BUNDLE_IDENTIFIER = com.cgsir.AnimationView;
				PRODUCT_NAME = "$(TARGET_NAME)";
			};
			name = Release;
		};
		4A3E50121ECD88AC00396635 /* Debug */ = {
			isa = XCBuildConfiguration;
			buildSettings = {
				DEVELOPMENT_TEAM = 5J32R9MXM2;
				INFOPLIST_FILE = AnimationViewUITests/Info.plist;
				LD_RUNPATH_SEARCH_PATHS = "$(inherited) @executable_path/Frameworks @loader_path/Frameworks";
				PRODUCT_BUNDLE_IDENTIFIER = com.cgsir.AnimationViewUITests;
				PRODUCT_NAME = "$(TARGET_NAME)";
				TEST_TARGET_NAME = AnimationView;
			};
			name = Debug;
		};
		4A3E50131ECD88AC00396635 /* Release */ = {
			isa = XCBuildConfiguration;
			buildSettings = {
				DEVELOPMENT_TEAM = 5J32R9MXM2;
				INFOPLIST_FILE = AnimationViewUITests/Info.plist;
				LD_RUNPATH_SEARCH_PATHS = "$(inherited) @executable_path/Frameworks @loader_path/Frameworks";
				PRODUCT_BUNDLE_IDENTIFIER = com.cgsir.AnimationViewUITests;
				PRODUCT_NAME = "$(TARGET_NAME)";
				TEST_TARGET_NAME = AnimationView;
			};
			name = Release;
		};
/* End XCBuildConfiguration section */

/* Begin XCConfigurationList section */
		4A3E4FE71ECD88AC00396635 /* Build configuration list for PBXProject "AnimationView" */ = {
			isa = XCConfigurationList;
			buildConfigurations = (
				4A3E500C1ECD88AC00396635 /* Debug */,
				4A3E500D1ECD88AC00396635 /* Release */,
			);
			defaultConfigurationIsVisible = 0;
			defaultConfigurationName = Release;
		};
		4A3E500E1ECD88AC00396635 /* Build configuration list for PBXNativeTarget "AnimationView" */ = {
			isa = XCConfigurationList;
			buildConfigurations = (
				4A3E500F1ECD88AC00396635 /* Debug */,
				4A3E50101ECD88AC00396635 /* Release */,
			);
			defaultConfigurationIsVisible = 0;
			defaultConfigurationName = Release;
		};
		4A3E50111ECD88AC00396635 /* Build configuration list for PBXNativeTarget "AnimationViewUITests" */ = {
			isa = XCConfigurationList;
			buildConfigurations = (
				4A3E50121ECD88AC00396635 /* Debug */,
				4A3E50131ECD88AC00396635 /* Release */,
			);
			defaultConfigurationIsVisible = 0;
			defaultConfigurationName = Release;
		};
/* End XCConfigurationList section */
	};
	rootObject = 4A3E4FE41ECD88AC00396635 /* Project object */;
}
